{
  "name": "quorvex-ai",
  "version": "1.0.0",
  "lockfileVersion": 3,
  "requires": true,
  "packages": {
    "": {
      "name": "quorvex-ai",
      "version": "1.0.0",
      "license": "MIT",
      "dependencies": {
        "@anthropic-ai/claude-code": "^2.1.141",
        "@playwright/mcp": "^0.0.75",
        "playwright": "1.57.0",
        "playwright-core": "1.57.0",
        "undici-types": "^7.16.0"
      },
      "devDependencies": {
        "@playwright/test": "1.57.0",
        "@types/node": "^25.6.0",
        "dotenv": "^17.3.1"
      }
    },
    "node_modules/@anthropic-ai/claude-code": {
      "version": "2.1.141",
      "resolved": "https://registry.npmjs.org/@anthropic-ai/claude-code/-/claude-code-2.1.141.tgz",
      "integrity": "sha512-wd95eHKs5tVdDJZZfRqyhMaPKIjoLuC3KIBKEvFFDxbl3brZ3HZUdWZtN+m0iWqmUMrBTpqMubwqrStlC+86xQ==",
      "hasInstallScript": true,
      "license": "SEE LICENSE IN README.md",
      "bin": {
        "claude": "bin/claude.exe"
      },
      "engines": {
        "node": ">=18.0.0"
      },
      "optionalDependencies": {
        "@anthropic-ai/claude-code-darwin-arm64": "2.1.141",
        "@anthropic-ai/claude-code-darwin-x64": "2.1.141",
        "@anthropic-ai/claude-code-linux-arm64": "2.1.141",
        "@anthropic-ai/claude-code-linux-arm64-musl": "2.1.141",
        "@anthropic-ai/claude-code-linux-x64": "2.1.141",
        "@anthropic-ai/claude-code-linux-x64-musl": "2.1.141",
        "@anthropic-ai/claude-code-win32-arm64": "2.1.141",
        "@anthropic-ai/claude-code-win32-x64": "2.1.141"
      }
    },
    "node_modules/@anthropic-ai/claude-code-darwin-arm64": {
      "version": "2.1.141",
      "resolved": "https://registry.npmjs.org/@anthropic-ai/claude-code-darwin-arm64/-/claude-code-darwin-arm64-2.1.141.tgz",
      "integrity": "sha512-JnRjN8rSkuihDkI5500UOJY0owrhbcRpf5l6IEFoQTsc+XZSmwuig4KFubrfuFbyqIl2RtQWRuJIp1aqx27NnQ==",
      "cpu": [
        "arm64"
      ],
      "license": "SEE LICENSE IN LICENSE.md",
      "optional": true,
      "os": [
        "darwin"
      ]
    },
    "node_modules/@anthropic-ai/claude-code-darwin-x64": {
      "version": "2.1.141",
      "resolved": "https://registry.npmjs.org/@anthropic-ai/claude-code-darwin-x64/-/claude-code-darwin-x64-2.1.141.tgz",
      "integrity": "sha512-MzQkwAhUxyojXAEvuNKOQK7H58AIhIAarxztHksl2ofgRL3vk1xRzWwd+WDHVx8K+AloG+rCE0ePJ2xSN4MoeQ==",
      "cpu": [
        "x64"
      ],
      "license": "SEE LICENSE IN LICENSE.md",
      "optional": true,
      "os": [
        "darwin"
      ]
    },
    "node_modules/@anthropic-ai/claude-code-linux-arm64": {
      "version": "2.1.141",
      "resolved": "https://registry.npmjs.org/@anthropic-ai/claude-code-linux-arm64/-/claude-code-linux-arm64-2.1.141.tgz",
      "integrity": "sha512-LUiuieiIh6+YDpwzSHBo6FFeqC4eD+rtnuvMy3cZBoKRls9aYVnrqCBl4++jcEuInSwhrsPPQpc81pTW8QGOxg==",
      "cpu": [
        "arm64"
      ],
      "libc": [
        "glibc"
      ],
      "license": "SEE LICENSE IN LICENSE.md",
      "optional": true,
      "os": [
        "linux"
      ]
    },
    "node_modules/@anthropic-ai/claude-code-linux-arm64-musl": {
      "version": "2.1.141",
      "resolved": "https://registry.npmjs.org/@anthropic-ai/claude-code-linux-arm64-musl/-/claude-code-linux-arm64-musl-2.1.141.tgz",
      "integrity": "sha512-V9QWmHMdRmr0Lu5k5hQ31onlZe3vAM7+TSwyUdT+hjBAWXBrs5apIemE6PojrlqGtLI44RkZNv43MF/X11i8OA==",
      "cpu": [
        "arm64"
      ],
      "libc": [
        "musl"
      ],
      "license": "SEE LICENSE IN LICENSE.md",
      "optional": true,
      "os": [
        "linux"
      ]
    },
    "node_modules/@anthropic-ai/claude-code-linux-x64": {
      "version": "2.1.141",
      "resolved": "https://registry.npmjs.org/@anthropic-ai/claude-code-linux-x64/-/claude-code-linux-x64-2.1.141.tgz",
      "integrity": "sha512-Wr+2E5+E3iCsCRklJUzhgJ+wGL1gWIHnbWc5CHLC42Cop5BAEdlG3e4bX3LMzJLGzVX/bVZKIcZuulHgumqCMQ==",
      "cpu": [
        "x64"
      ],
      "libc": [
        "glibc"
      ],
      "license": "SEE LICENSE IN LICENSE.md",
      "optional": true,
      "os": [
        "linux"
      ]
    },
    "node_modules/@anthropic-ai/claude-code-linux-x64-musl": {
      "version": "2.1.141",
      "resolved": "https://registry.npmjs.org/@anthropic-ai/claude-code-linux-x64-musl/-/claude-code-linux-x64-musl-2.1.141.tgz",
      "integrity": "sha512-Jz/klPIEhEz4TV2p9njNmTHiy2o5FjMOtyOuI64+fJCi90r2iG7+GBLFnBuFAjN45jNQSMCqe7e79k+t82miFA==",
      "cpu": [
        "x64"
      ],
      "libc": [
        "musl"
      ],
      "license": "SEE LICENSE IN LICENSE.md",
      "optional": true,
      "os": [
        "linux"
      ]
    },
    "node_modules/@anthropic-ai/claude-code-win32-arm64": {
      "version": "2.1.141",
      "resolved": "https://registry.npmjs.org/@anthropic-ai/claude-code-win32-arm64/-/claude-code-win32-arm64-2.1.141.tgz",
      "integrity": "sha512-sVNGfGrVYmMWhpMVAiUBRg9HbwCVNA7f08bdXCQ13fIpX0mJocyjI8CFgRcktFsarYGvbcA+Uyh704aM0RnYWQ==",
      "cpu": [
        "arm64"
      ],
      "license": "SEE LICENSE IN LICENSE.md",
      "optional": true,
      "os": [
        "win32"
      ]
    },
    "node_modules/@anthropic-ai/claude-code-win32-x64": {
      "version": "2.1.141",
      "resolved": "https://registry.npmjs.org/@anthropic-ai/claude-code-win32-x64/-/claude-code-win32-x64-2.1.141.tgz",
      "integrity": "sha512-KkqDJuJlx4vsb1b996YB5hfmGhZ3TgOECtq12Yp2MC3ttg0wpwMT2E0ALF444rPB/Dr+LwsgRjoI2UHCCpyCHQ==",
      "cpu": [
        "x64"
      ],
      "license": "SEE LICENSE IN LICENSE.md",
      "optional": true,
      "os": [
        "win32"
      ]
    },
    "node_modules/@playwright/mcp": {
      "version": "0.0.75",
      "resolved": "https://registry.npmjs.org/@playwright/mcp/-/mcp-0.0.75.tgz",
      "integrity": "sha512-oBjzVXfEGZ9Ev45tKKQULNDVdF83B82lg0uPejEK3xsp/zWmdNdNVnPi032fmd/o20ZZXs+LX7cr77qRNbV4VA==",
      "license": "Apache-2.0",
      "dependencies": {
        "playwright": "1.61.0-alpha-1778188671000",
        "playwright-core": "1.61.0-alpha-1778188671000"
      },
      "bin": {
        "playwright-mcp": "cli.js"
      },
      "engines": {
        "node": ">=18"
      }
    },
    "node_modules/@playwright/mcp/node_modules/playwright": {
      "version": "1.61.0-alpha-1778188671000",
      "resolved": "https://registry.npmjs.org/playwright/-/playwright-1.61.0-alpha-1778188671000.tgz",
      "integrity": "sha512-A6fFc7ExLRmvm0ZHqCyY2uHXSvEdpb8W+/HyIPK4ecRqNil8Mc1Vig1WFYoqk82x3+U9Qb571fQE95wgKqIQ1g==",
      "license": "Apache-2.0",
      "dependencies": {
        "playwright-core": "1.61.0-alpha-1778188671000"
      },
      "bin": {
        "playwright": "cli.js"
      },
      "engines": {
        "node": ">=18"
      },
      "optionalDependencies": {
        "fsevents": "2.3.2"
      }
    },
    "node_modules/@playwright/mcp/node_modules/playwright-core": {
      "version": "1.61.0-alpha-1778188671000",
      "resolved": "https://registry.npmjs.org/playwright-core/-/playwright-core-1.61.0-alpha-1778188671000.tgz",
      "integrity": "sha512-nsw2Crz0uZS3IRHiEcOXUt+RaKB/Hna+GAD4oD6cPqCHfJfW77cJdgktC0jzp3Ndyv23EJI3bcWSqFIiqSNE5A==",
      "license": "Apache-2.0",
      "bin": {
        "playwright-core": "cli.js"
      },
      "engines": {
        "node": ">=18"
      }
    },
    "node_modules/@playwright/test": {
      "version": "1.57.0",
      "resolved": "https://registry.npmjs.org/@playwright/test/-/test-1.57.0.tgz",
      "integrity": "sha512-6TyEnHgd6SArQO8UO2OMTxshln3QMWBtPGrOCgs3wVEmQmwyuNtB10IZMfmYDE0riwNR1cu4q+pPcxMVtaG3TA==",
      "dev": true,
      "license": "Apache-2.0",
      "dependencies": {
        "playwright": "1.57.0"
      },
      "bin": {
        "playwright": "cli.js"
      },
      "engines": {
        "node": ">=18"
      }
    },
    "node_modules/@types/node": {
      "version": "25.6.0",
      "resolved": "https://registry.npmjs.org/@types/node/-/node-25.6.0.tgz",
      "integrity": "sha512-+qIYRKdNYJwY3vRCZMdJbPLJAtGjQBudzZzdzwQYkEPQd+PJGixUL5QfvCLDaULoLv+RhT3LDkwEfKaAkgSmNQ==",
      "dev": true,
      "license": "MIT",
      "dependencies": {
        "undici-types": "~7.19.0"
      }
    },
    "node_modules/dotenv": {
      "version": "17.3.1",
      "resolved": "https://registry.npmjs.org/dotenv/-/dotenv-17.3.1.tgz",
      "integrity": "sha512-IO8C/dzEb6O3F9/twg6ZLXz164a2fhTnEWb95H23Dm4OuN+92NmEAlTrupP9VW6Jm3sO26tQlqyvyi4CsnY9GA==",
      "dev": true,
      "license": "BSD-2-Clause",
      "engines": {
        "node": ">=12"
      },
      "funding": {
        "url": "https://dotenvx.com"
      }
    },
    "node_modules/fsevents": {
      "version": "2.3.2",
      "resolved": "https://registry.npmjs.org/fsevents/-/fsevents-2.3.2.tgz",
      "integrity": "sha512-xiqMQR4xAeHTuB9uWm+fFRcIOgKBMiOBP+eXiyT7jsgVCq1bkVygt00oASowB7EdtpOHaaPgKt812P9ab+DDKA==",
      "hasInstallScript": true,
      "license": "MIT",
      "optional": true,
      "os": [
        "darwin"
      ],
      "engines": {
        "node": "^8.16.0 || ^10.6.0 || >=11.0.0"
      }
    },
    "node_modules/playwright": {
      "version": "1.57.0",
      "resolved": "https://registry.npmjs.org/playwright/-/playwright-1.57.0.tgz",
      "integrity": "sha512-ilYQj1s8sr2ppEJ2YVadYBN0Mb3mdo9J0wQ+UuDhzYqURwSoW4n1Xs5vs7ORwgDGmyEh33tRMeS8KhdkMoLXQw==",
      "license": "Apache-2.0",
      "dependencies": {
        "playwright-core": "1.57.0"
      },
      "bin": {
        "playwright": "cli.js"
      },
      "engines": {
        "node": ">=18"
      },
      "optionalDependencies": {
        "fsevents": "2.3.2"
      }
    },
    "node_modules/playwright-core": {
      "version": "1.57.0",
      "resolved": "https://registry.npmjs.org/playwright-core/-/playwright-core-1.57.0.tgz",
      "integrity": "sha512-agTcKlMw/mjBWOnD6kFZttAAGHgi/Nw0CZ2o6JqWSbMlI219lAFLZZCyqByTsvVAJq5XA5H8cA6PrvBRpBWEuQ==",
      "license": "Apache-2.0",
      "bin": {
        "playwright-core": "cli.js"
      },
      "engines": {
        "node": ">=18"
      }
    },
    "node_modules/undici-types": {
      "version": "7.19.2",
      "resolved": "https://registry.npmjs.org/undici-types/-/undici-types-7.19.2.tgz",
      "integrity": "sha512-qYVnV5OEm2AW8cJMCpdV20CDyaN3g0AjDlOGf1OW4iaDEx8MwdtChUp4zu4H0VP3nDRF/8RKWH+IPp9uW0YGZg==",
      "license": "MIT"
    }
  }
}
